
Microsoft Visual Studio Solution File, Format Version 12.00
# Visual Studio Version 17
VisualStudioVersion = 17.0.32126.317
MinimumVisualStudioVersion = 10.0.40219.1
Project("{FAE04EC0-301F-11D3-BF4B-00C04F79EFBC}") = "salesSystem", "salesSystem.csproj", "{E7F85A88-036B-496D-B922-FFAB3F705833}"
EndProject
Global
	GlobalSection(SolutionConfigurationPlatforms) = preSolution
		Debug|Any CPU = Debug|Any CPU
		Release|Any CPU = Release|Any CPU
	EndGlobalSection
	GlobalSection(ProjectConfigurationPlatforms) = postSolution
		{E7F85A88-036B-496D-B922-FFAB3F705833}.Debug|Any CPU.ActiveCfg = Debug|Any CPU
		{E7F85A88-036B-496D-B922-FFAB3F705833}.Debug|Any CPU.Build.0 = Debug|Any CPU
		{E7F85A88-036B-496D-B922-FFAB3F705833}.Release|Any CPU.ActiveCfg = Release|Any CPU
		{E7F85A88-036B-496D-B922-FFAB3F705833}.Release|Any CPU.Build.0 = Release|Any CPU
	EndGlobalSection
	GlobalSection(SolutionProperties) = preSolution
		HideSolutionNode = FALSE
	EndGlobalSection
	GlobalSection(ExtensibilityGlobals) = postSolution
		SolutionGuid = {7B37B953-487D-46C0-AAF8-79427D9A92F2}
	EndGlobalSection
EndGlobal
